
Microsoft Visual Studio Solution File, Format Version 12.00
# Visual Studio Version 16
VisualStudioVersion = 16.0.29519.87
MinimumVisualStudioVersion = 10.0.40219.1
Project("{2150E333-8FDC-42A3-9474-1A3956D46DE8}") = ".paket", ".paket", "{0CC06188-E9B5-4509-A3A2-93D7F7CD3495}"
	ProjectSection(SolutionItems) = preProject
		commands.json = commands.json
		paket.dependencies = paket.dependencies
	EndProjectSection
EndProject
Project("{2150E333-8FDC-42A3-9474-1A3956D46DE8}") = "App", "App", "{B9715476-2244-4BCE-9CEA-3FA2BD713975}"
EndProject
Project("{2150E333-8FDC-42A3-9474-1A3956D46DE8}") = "Tests", "Tests", "{8EB6ACD9-8F11-4124-918F-CAF3CDF328A8}"
EndProject
Project("{FAE04EC0-301F-11D3-BF4B-00C04F79EFBC}") = "Nuke.Framework.App", "src\Nuke.Framework.App\Nuke.Framework.App.csproj", "{FB6E6C8E-E96A-4049-AADF-D5E6EDF4EF11}"
EndProject
Project("{FAE04EC0-301F-11D3-BF4B-00C04F79EFBC}") = "Nuke.Framework.Api.Tests", "src\Nuke.Framework.Api.Tests\Nuke.Framework.Api.Tests.csproj", "{AE75C8B6-8C9F-4E94-8A8A-3BD71E39B60C}"
EndProject
Project("{FAE04EC0-301F-11D3-BF4B-00C04F79EFBC}") = "_build", "build\_build.csproj", "{F038F056-794A-4724-B328-E00BB63F385C}"
EndProject
Project("{2150E333-8FDC-42A3-9474-1A3956D46DE8}") = ".build", ".build", "{E27D6CA8-2DF1-4D71-8610-2397DD9B4D70}"
EndProject
Project("{FAE04EC0-301F-11D3-BF4B-00C04F79EFBC}") = "Nuke.Framework.Api", "src\Nuke.Framework.Api\Nuke.Framework.Api.csproj", "{03BDF7CF-2D2A-414F-A62D-931FC8159498}"
EndProject
Global
	GlobalSection(SolutionConfigurationPlatforms) = preSolution
		Debug|Any CPU = Debug|Any CPU
		Release|Any CPU = Release|Any CPU
	EndGlobalSection
	GlobalSection(ProjectConfigurationPlatforms) = postSolution
		{FB6E6C8E-E96A-4049-AADF-D5E6EDF4EF11}.Debug|Any CPU.ActiveCfg = Debug|Any CPU
		{FB6E6C8E-E96A-4049-AADF-D5E6EDF4EF11}.Debug|Any CPU.Build.0 = Debug|Any CPU
		{FB6E6C8E-E96A-4049-AADF-D5E6EDF4EF11}.Release|Any CPU.ActiveCfg = Release|Any CPU
		{FB6E6C8E-E96A-4049-AADF-D5E6EDF4EF11}.Release|Any CPU.Build.0 = Release|Any CPU
		{AE75C8B6-8C9F-4E94-8A8A-3BD71E39B60C}.Debug|Any CPU.ActiveCfg = Debug|Any CPU
		{AE75C8B6-8C9F-4E94-8A8A-3BD71E39B60C}.Debug|Any CPU.Build.0 = Debug|Any CPU
		{AE75C8B6-8C9F-4E94-8A8A-3BD71E39B60C}.Release|Any CPU.ActiveCfg = Release|Any CPU
		{AE75C8B6-8C9F-4E94-8A8A-3BD71E39B60C}.Release|Any CPU.Build.0 = Release|Any CPU
		{F038F056-794A-4724-B328-E00BB63F385C}.Debug|Any CPU.ActiveCfg = Debug|Any CPU
		{F038F056-794A-4724-B328-E00BB63F385C}.Release|Any CPU.ActiveCfg = Release|Any CPU
		{03BDF7CF-2D2A-414F-A62D-931FC8159498}.Debug|Any CPU.ActiveCfg = Debug|Any CPU
		{03BDF7CF-2D2A-414F-A62D-931FC8159498}.Debug|Any CPU.Build.0 = Debug|Any CPU
		{03BDF7CF-2D2A-414F-A62D-931FC8159498}.Release|Any CPU.ActiveCfg = Release|Any CPU
		{03BDF7CF-2D2A-414F-A62D-931FC8159498}.Release|Any CPU.Build.0 = Release|Any CPU
	EndGlobalSection
	GlobalSection(SolutionProperties) = preSolution
		HideSolutionNode = FALSE
	EndGlobalSection
	GlobalSection(NestedProjects) = preSolution
		{8EB6ACD9-8F11-4124-918F-CAF3CDF328A8} = {B9715476-2244-4BCE-9CEA-3FA2BD713975}
		{FB6E6C8E-E96A-4049-AADF-D5E6EDF4EF11} = {B9715476-2244-4BCE-9CEA-3FA2BD713975}
		{AE75C8B6-8C9F-4E94-8A8A-3BD71E39B60C} = {8EB6ACD9-8F11-4124-918F-CAF3CDF328A8}
		{F038F056-794A-4724-B328-E00BB63F385C} = {E27D6CA8-2DF1-4D71-8610-2397DD9B4D70}
		{03BDF7CF-2D2A-414F-A62D-931FC8159498} = {B9715476-2244-4BCE-9CEA-3FA2BD713975}
	EndGlobalSection
	GlobalSection(ExtensibilityGlobals) = postSolution
		SolutionGuid = {3A4C6D57-2ED3-4932-9D3E-86B2841B5788}
	EndGlobalSection
EndGlobal
