
Microsoft Visual Studio Solution File, Format Version 12.00
# Visual Studio Version 16
VisualStudioVersion = 16.0.29519.87
MinimumVisualStudioVersion = 10.0.40219.1
Project("{2150E333-8FDC-42A3-9474-1A3956D46DE8}") = ".paket", ".paket", "{A61F51CA-9BE4-4B1F-9049-CBF16FD33372}"
	ProjectSection(SolutionItems) = preProject
		..\paket.dependencies = ..\paket.dependencies
	EndProjectSection
EndProject
Project("{FAE04EC0-301F-11D3-BF4B-00C04F79EFBC}") = "Framework.App", "Framework.App\Framework.App.csproj", "{46E4389F-A6FE-4628-BA09-13B2D32CE27B}"
EndProject
Global
	GlobalSection(SolutionConfigurationPlatforms) = preSolution
		Debug|Any CPU = Debug|Any CPU
		Release|Any CPU = Release|Any CPU
	EndGlobalSection
	GlobalSection(ProjectConfigurationPlatforms) = postSolution
		{46E4389F-A6FE-4628-BA09-13B2D32CE27B}.Debug|Any CPU.ActiveCfg = Debug|Any CPU
		{46E4389F-A6FE-4628-BA09-13B2D32CE27B}.Debug|Any CPU.Build.0 = Debug|Any CPU
		{46E4389F-A6FE-4628-BA09-13B2D32CE27B}.Release|Any CPU.ActiveCfg = Release|Any CPU
		{46E4389F-A6FE-4628-BA09-13B2D32CE27B}.Release|Any CPU.Build.0 = Release|Any CPU
	EndGlobalSection
	GlobalSection(SolutionProperties) = preSolution
		HideSolutionNode = FALSE
	EndGlobalSection
	GlobalSection(ExtensibilityGlobals) = postSolution
		SolutionGuid = {3A4C6D57-2ED3-4932-9D3E-86B2841B5788}
	EndGlobalSection
EndGlobal
